
Microsoft Visual Studio Solution File, Format Version 12.00
# Visual Studio Version 17
VisualStudioVersion = 17.3.32819.101
MinimumVisualStudioVersion = 10.0.40219.1
Project("{FAE04EC0-301F-11D3-BF4B-00C04F79EFBC}") = "Klicker", "Klicker.csproj", "{78379453-3DA8-4788-89C1-DA703832F235}"
EndProject
Global
	GlobalSection(SolutionConfigurationPlatforms) = preSolution
		Debug|Any CPU = Debug|Any CPU
		Release|Any CPU = Release|Any CPU
	EndGlobalSection
	GlobalSection(ProjectConfigurationPlatforms) = postSolution
		{78379453-3DA8-4788-89C1-DA703832F235}.Debug|Any CPU.ActiveCfg = Debug|Any CPU
		{78379453-3DA8-4788-89C1-DA703832F235}.Debug|Any CPU.Build.0 = Debug|Any CPU
		{78379453-3DA8-4788-89C1-DA703832F235}.Release|Any CPU.ActiveCfg = Release|Any CPU
		{78379453-3DA8-4788-89C1-DA703832F235}.Release|Any CPU.Build.0 = Release|Any CPU
	EndGlobalSection
	GlobalSection(SolutionProperties) = preSolution
		HideSolutionNode = FALSE
	EndGlobalSection
	GlobalSection(ExtensibilityGlobals) = postSolution
		SolutionGuid = {7676472F-8085-4214-BFE0-A7D1F707055F}
	EndGlobalSection
EndGlobal
